
Microsoft Visual Studio Solution File, Format Version 12.00
# Visual Studio Version 16
VisualStudioVersion = 16.0.29920.165
MinimumVisualStudioVersion = 10.0.40219.1
Project("{FAE04EC0-301F-11D3-BF4B-00C04F79EFBC}") = "Begin Lab 13 MCV Lab", "Begin Lab 13 MCV Lab\Begin Lab 13 MCV Lab.csproj", "{F42E3E83-752A-46F5-8C8A-ABBD9A63677D}"
EndProject
Global
	GlobalSection(SolutionConfigurationPlatforms) = preSolution
		Debug|Any CPU = Debug|Any CPU
		Release|Any CPU = Release|Any CPU
	EndGlobalSection
	GlobalSection(ProjectConfigurationPlatforms) = postSolution
		{F42E3E83-752A-46F5-8C8A-ABBD9A63677D}.Debug|Any CPU.ActiveCfg = Debug|Any CPU
		{F42E3E83-752A-46F5-8C8A-ABBD9A63677D}.Debug|Any CPU.Build.0 = Debug|Any CPU
		{F42E3E83-752A-46F5-8C8A-ABBD9A63677D}.Release|Any CPU.ActiveCfg = Release|Any CPU
		{F42E3E83-752A-46F5-8C8A-ABBD9A63677D}.Release|Any CPU.Build.0 = Release|Any CPU
	EndGlobalSection
	GlobalSection(SolutionProperties) = preSolution
		HideSolutionNode = FALSE
	EndGlobalSection
	GlobalSection(ExtensibilityGlobals) = postSolution
		SolutionGuid = {984EC77A-0444-4EA1-A98B-B9B63976D28E}
	EndGlobalSection
EndGlobal
